{
  "name": "my-first-app",
  "version": "0.1.0",
  "lockfileVersion": 1,
  "requires": true,
  "dependencies": {
    "bs-platform": {
      "version": "7.3.1",
      "resolved": "https://registry.npmjs.org/bs-platform/-/bs-platform-7.3.1.tgz",
      "integrity": "sha512-RlQexm6i2gMKsfuHL8IcOHN0R/SQgxiurP96fo2nj71QgQQRh332ahOwIl0p0yNl9DH2Tg7ZV2pjG6MMMkaU6w==",
      "dev": true
    }
  }
}
